
Microsoft Visual Studio Solution File, Format Version 12.00
# Visual Studio Version 17
VisualStudioVersion = 17.2.32526.322
MinimumVisualStudioVersion = 10.0.40219.1
Project("{FAE04EC0-301F-11D3-BF4B-00C04F79EFBC}") = "UsandoMasaras", "UsandoMasaras\UsandoMasaras.csproj", "{6AAF746E-6139-483A-BC5C-914FEFF825DF}"
EndProject
Global
	GlobalSection(SolutionConfigurationPlatforms) = preSolution
		Debug|Any CPU = Debug|Any CPU
		Release|Any CPU = Release|Any CPU
	EndGlobalSection
	GlobalSection(ProjectConfigurationPlatforms) = postSolution
		{6AAF746E-6139-483A-BC5C-914FEFF825DF}.Debug|Any CPU.ActiveCfg = Debug|Any CPU
		{6AAF746E-6139-483A-BC5C-914FEFF825DF}.Debug|Any CPU.Build.0 = Debug|Any CPU
		{6AAF746E-6139-483A-BC5C-914FEFF825DF}.Release|Any CPU.ActiveCfg = Release|Any CPU
		{6AAF746E-6139-483A-BC5C-914FEFF825DF}.Release|Any CPU.Build.0 = Release|Any CPU
	EndGlobalSection
	GlobalSection(SolutionProperties) = preSolution
		HideSolutionNode = FALSE
	EndGlobalSection
	GlobalSection(ExtensibilityGlobals) = postSolution
		SolutionGuid = {C3BFCB33-3FA3-468D-BBC0-898DA58C7E33}
	EndGlobalSection
EndGlobal
