
Microsoft Visual Studio Solution File, Format Version 12.00
# Visual Studio Version 17
VisualStudioVersion = 17.2.32526.322
MinimumVisualStudioVersion = 10.0.40219.1
Project("{FAE04EC0-301F-11D3-BF4B-00C04F79EFBC}") = "ByteBank", "ByteBank\ByteBank.csproj", "{EA7EEDEA-04FD-4BF7-B709-C02A77CC9631}"
EndProject
Global
	GlobalSection(SolutionConfigurationPlatforms) = preSolution
		Debug|Any CPU = Debug|Any CPU
		Release|Any CPU = Release|Any CPU
	EndGlobalSection
	GlobalSection(ProjectConfigurationPlatforms) = postSolution
		{EA7EEDEA-04FD-4BF7-B709-C02A77CC9631}.Debug|Any CPU.ActiveCfg = Debug|Any CPU
		{EA7EEDEA-04FD-4BF7-B709-C02A77CC9631}.Debug|Any CPU.Build.0 = Debug|Any CPU
		{EA7EEDEA-04FD-4BF7-B709-C02A77CC9631}.Release|Any CPU.ActiveCfg = Release|Any CPU
		{EA7EEDEA-04FD-4BF7-B709-C02A77CC9631}.Release|Any CPU.Build.0 = Release|Any CPU
	EndGlobalSection
	GlobalSection(SolutionProperties) = preSolution
		HideSolutionNode = FALSE
	EndGlobalSection
	GlobalSection(ExtensibilityGlobals) = postSolution
		SolutionGuid = {B6F9A7B7-26C5-4480-83E9-D13A2F7DA607}
	EndGlobalSection
EndGlobal
